
Microsoft Visual Studio Solution File, Format Version 12.00
# Visual Studio 15
VisualStudioVersion = 15.0.28307.572
MinimumVisualStudioVersion = 10.0.40219.1
Project("{FAE04EC0-301F-11D3-BF4B-00C04F79EFBC}") = "RelevantPizza", "RelevantPizza\RelevantPizza.csproj", "{C7E547D9-CD82-4FB3-9AEB-57E898554B05}"
EndProject
Global
	GlobalSection(SolutionConfigurationPlatforms) = preSolution
		Debug|Any CPU = Debug|Any CPU
		Release|Any CPU = Release|Any CPU
	EndGlobalSection
	GlobalSection(ProjectConfigurationPlatforms) = postSolution
		{C7E547D9-CD82-4FB3-9AEB-57E898554B05}.Debug|Any CPU.ActiveCfg = Debug|Any CPU
		{C7E547D9-CD82-4FB3-9AEB-57E898554B05}.Debug|Any CPU.Build.0 = Debug|Any CPU
		{C7E547D9-CD82-4FB3-9AEB-57E898554B05}.Release|Any CPU.ActiveCfg = Release|Any CPU
		{C7E547D9-CD82-4FB3-9AEB-57E898554B05}.Release|Any CPU.Build.0 = Release|Any CPU
	EndGlobalSection
	GlobalSection(SolutionProperties) = preSolution
		HideSolutionNode = FALSE
	EndGlobalSection
	GlobalSection(ExtensibilityGlobals) = postSolution
		SolutionGuid = {73DE5A85-EA8F-4534-A949-D9175ECE08E3}
	EndGlobalSection
EndGlobal
